
Microsoft Visual Studio Solution File, Format Version 12.00
# Visual Studio 15
VisualStudioVersion = 15.0.28307.645
MinimumVisualStudioVersion = 10.0.40219.1
Project("{FAE04EC0-301F-11D3-BF4B-00C04F79EFBC}") = "SqlWriter", "SqlWriter\SqlWriter.csproj", "{58850FC2-5124-4F22-A4E6-9F861633122A}"
EndProject
Global
	GlobalSection(SolutionConfigurationPlatforms) = preSolution
		Debug|Any CPU = Debug|Any CPU
		Release|Any CPU = Release|Any CPU
	EndGlobalSection
	GlobalSection(ProjectConfigurationPlatforms) = postSolution
		{58850FC2-5124-4F22-A4E6-9F861633122A}.Debug|Any CPU.ActiveCfg = Debug|Any CPU
		{58850FC2-5124-4F22-A4E6-9F861633122A}.Debug|Any CPU.Build.0 = Debug|Any CPU
		{58850FC2-5124-4F22-A4E6-9F861633122A}.Release|Any CPU.ActiveCfg = Release|Any CPU
		{58850FC2-5124-4F22-A4E6-9F861633122A}.Release|Any CPU.Build.0 = Release|Any CPU
	EndGlobalSection
	GlobalSection(SolutionProperties) = preSolution
		HideSolutionNode = FALSE
	EndGlobalSection
	GlobalSection(ExtensibilityGlobals) = postSolution
		SolutionGuid = {283DC01D-CFD3-4C0A-8B2C-217A34B6249A}
	EndGlobalSection
EndGlobal
